// !$*UTF8*$!
{
	archiveVersion = 1;
	classes = {
	};
	objectVersion = 51;
	objects = {

/* Begin PBXBuildFile section */
		71B7B2E6589E31A0B97A69F7 /* Pods_The_Green_Book_AppUITests.framework in Frameworks */ = {isa = PBXBuildFile; fileRef = 6BD9BDEF3BEF98BFEB4B6AFF /* Pods_The_Green_Book_AppUITests.framework */; };
		CA0EE0D7F0FEE5CDE676B844 /* Pods_The_Green_Book_AppTests.framework in Frameworks */ = {isa = PBXBuildFile; fileRef = 6A0B2BC06BBD3EC378B1885D /* Pods_The_Green_Book_AppTests.framework */; };
		CA81FA9BC0736C95EC3933AF /* Pods_The_Green_Book_App.framework in Frameworks */ = {isa = PBXBuildFile; fileRef = B0BA03F59D2587986295C58C /* Pods_The_Green_Book_App.framework */; };
		D8192D9922C541F100B76519 /* Flood.ttf in Resources */ = {isa = PBXBuildFile; fileRef = D8192D9722C541F000B76519 /* Flood.ttf */; };
		D8192D9A22C541F100B76519 /* FjallaOne-Regular.ttf in Resources */ = {isa = PBXBuildFile; fileRef = D8192D9822C541F100B76519 /* FjallaOne-Regular.ttf */; };
		D83694C122C521C7004875C1 /* GoogleService-Info.plist in Resources */ = {isa = PBXBuildFile; fileRef = D83694C022C521C7004875C1 /* GoogleService-Info.plist */; };
		D87D812922C51F0D00321EE7 /* AppDelegate.swift in Sources */ = {isa = PBXBuildFile; fileRef = D87D812822C51F0D00321EE7 /* AppDelegate.swift */; };
		D87D812B22C51F0D00321EE7 /* Login.swift in Sources */ = {isa = PBXBuildFile; fileRef = D87D812A22C51F0D00321EE7 /* Login.swift */; };
		D87D812E22C51F0D00321EE7 /* Main.storyboard in Resources */ = {isa = PBXBuildFile; fileRef = D87D812C22C51F0D00321EE7 /* Main.storyboard */; };
		D87D813022C51F0E00321EE7 /* Assets.xcassets in Resources */ = {isa = PBXBuildFile; fileRef = D87D812F22C51F0E00321EE7 /* Assets.xcassets */; };
		D87D813322C51F0E00321EE7 /* LaunchScreen.storyboard in Resources */ = {isa = PBXBuildFile; fileRef = D87D813122C51F0E00321EE7 /* LaunchScreen.storyboard */; };
		D87D813E22C51F0E00321EE7 /* The_Green_Book_AppTests.swift in Sources */ = {isa = PBXBuildFile; fileRef = D87D813D22C51F0E00321EE7 /* The_Green_Book_AppTests.swift */; };
		D87D814922C51F0E00321EE7 /* The_Green_Book_AppUITests.swift in Sources */ = {isa = PBXBuildFile; fileRef = D87D814822C51F0E00321EE7 /* The_Green_Book_AppUITests.swift */; };
		D8DD202422C68B2B0062E341 /* SignUp.swift in Sources */ = {isa = PBXBuildFile; fileRef = D8DD202322C68B2B0062E341 /* SignUp.swift */; };
/* End PBXBuildFile section */

/* Begin PBXContainerItemProxy section */
		D87D813A22C51F0E00321EE7 /* PBXContainerItemProxy */ = {
			isa = PBXContainerItemProxy;
			containerPortal = D87D811D22C51F0D00321EE7 /* Project object */;
			proxyType = 1;
			remoteGlobalIDString = D87D812422C51F0D00321EE7;
			remoteInfo = "The Green Book App";
		};
		D87D814522C51F0E00321EE7 /* PBXContainerItemProxy */ = {
			isa = PBXContainerItemProxy;
			containerPortal = D87D811D22C51F0D00321EE7 /* Project object */;
			proxyType = 1;
			remoteGlobalIDString = D87D812422C51F0D00321EE7;
			remoteInfo = "The Green Book App";
		};
/* End PBXContainerItemProxy section */

/* Begin PBXFileReference section */
		45286D871B64024C046DC2D3 /* Pods-The Green Book AppTests.release.xcconfig */ = {isa = PBXFileReference; includeInIndex = 1; lastKnownFileType = text.xcconfig; name = "Pods-The Green Book AppTests.release.xcconfig"; path = "Target Support Files/Pods-The Green Book AppTests/Pods-The Green Book AppTests.release.xcconfig"; sourceTree = "<group>"; };
		45DB9CD2231CE4E574C6A9B2 /* Pods-The Green Book App.debug.xcconfig */ = {isa = PBXFileReference; includeInIndex = 1; lastKnownFileType = text.xcconfig; name = "Pods-The Green Book App.debug.xcconfig"; path = "Target Support Files/Pods-The Green Book App/Pods-The Green Book App.debug.xcconfig"; sourceTree = "<group>"; };
		5492D502F52BB2119EBE5BA4 /* Pods-The Green Book App.release.xcconfig */ = {isa = PBXFileReference; includeInIndex = 1; lastKnownFileType = text.xcconfig; name = "Pods-The Green Book App.release.xcconfig"; path = "Target Support Files/Pods-The Green Book App/Pods-The Green Book App.release.xcconfig"; sourceTree = "<group>"; };
		6A0B2BC06BBD3EC378B1885D /* Pods_The_Green_Book_AppTests.framework */ = {isa = PBXFileReference; explicitFileType = wrapper.framework; includeInIndex = 0; path = Pods_The_Green_Book_AppTests.framework; sourceTree = BUILT_PRODUCTS_DIR; };
		6BD9BDEF3BEF98BFEB4B6AFF /* Pods_The_Green_Book_AppUITests.framework */ = {isa = PBXFileReference; explicitFileType = wrapper.framework; includeInIndex = 0; path = Pods_The_Green_Book_AppUITests.framework; sourceTree = BUILT_PRODUCTS_DIR; };
		813405A6B9980F642DC89220 /* Pods-The Green Book AppTests.debug.xcconfig */ = {isa = PBXFileReference; includeInIndex = 1; lastKnownFileType = text.xcconfig; name = "Pods-The Green Book AppTests.debug.xcconfig"; path = "Target Support Files/Pods-The Green Book AppTests/Pods-The Green Book AppTests.debug.xcconfig"; sourceTree = "<group>"; };
		A32E8EA9ECD2F5C5C8E179DD /* Pods-The Green Book AppUITests.debug.xcconfig */ = {isa = PBXFileReference; includeInIndex = 1; lastKnownFileType = text.xcconfig; name = "Pods-The Green Book AppUITests.debug.xcconfig"; path = "Target Support Files/Pods-The Green Book AppUITests/Pods-The Green Book AppUITests.debug.xcconfig"; sourceTree = "<group>"; };
		B0BA03F59D2587986295C58C /* Pods_The_Green_Book_App.framework */ = {isa = PBXFileReference; explicitFileType = wrapper.framework; includeInIndex = 0; path = Pods_The_Green_Book_App.framework; sourceTree = BUILT_PRODUCTS_DIR; };
		D8192D9722C541F000B76519 /* Flood.ttf */ = {isa = PBXFileReference; lastKnownFileType = file; path = Flood.ttf; sourceTree = "<group>"; };
		D8192D9822C541F100B76519 /* FjallaOne-Regular.ttf */ = {isa = PBXFileReference; lastKnownFileType = file; path = "FjallaOne-Regular.ttf"; sourceTree = "<group>"; };
		D83694C022C521C7004875C1 /* GoogleService-Info.plist */ = {isa = PBXFileReference; fileEncoding = 4; lastKnownFileType = text.plist.xml; path = "GoogleService-Info.plist"; sourceTree = "<group>"; };
		D87D812522C51F0D00321EE7 /* The Green Book App.app */ = {isa = PBXFileReference; explicitFileType = wrapper.application; includeInIndex = 0; path = "The Green Book App.app"; sourceTree = BUILT_PRODUCTS_DIR; };
		D87D812822C51F0D00321EE7 /* AppDelegate.swift */ = {isa = PBXFileReference; lastKnownFileType = sourcecode.swift; path = AppDelegate.swift; sourceTree = "<group>"; };
		D87D812A22C51F0D00321EE7 /* Login.swift */ = {isa = PBXFileReference; lastKnownFileType = sourcecode.swift; path = Login.swift; sourceTree = "<group>"; };
		D87D812D22C51F0D00321EE7 /* Base */ = {isa = PBXFileReference; lastKnownFileType = file.storyboard; name = Base; path = Base.lproj/Main.storyboard; sourceTree = "<group>"; };
		D87D812F22C51F0E00321EE7 /* Assets.xcassets */ = {isa = PBXFileReference; lastKnownFileType = folder.assetcatalog; path = Assets.xcassets; sourceTree = "<group>"; };
		D87D813222C51F0E00321EE7 /* Base */ = {isa = PBXFileReference; lastKnownFileType = file.storyboard; name = Base; path = Base.lproj/LaunchScreen.storyboard; sourceTree = "<group>"; };
		D87D813422C51F0E00321EE7 /* Info.plist */ = {isa = PBXFileReference; lastKnownFileType = text.plist.xml; path = Info.plist; sourceTree = "<group>"; };
		D87D813922C51F0E00321EE7 /* The Green Book AppTests.xctest */ = {isa = PBXFileReference; explicitFileType = wrapper.cfbundle; includeInIndex = 0; path = "The Green Book AppTests.xctest"; sourceTree = BUILT_PRODUCTS_DIR; };
		D87D813D22C51F0E00321EE7 /* The_Green_Book_AppTests.swift */ = {isa = PBXFileReference; lastKnownFileType = sourcecode.swift; path = The_Green_Book_AppTests.swift; sourceTree = "<group>"; };
		D87D813F22C51F0E00321EE7 /* Info.plist */ = {isa = PBXFileReference; lastKnownFileType = text.plist.xml; path = Info.plist; sourceTree = "<group>"; };
		D87D814422C51F0E00321EE7 /* The Green Book AppUITests.xctest */ = {isa = PBXFileReference; explicitFileType = wrapper.cfbundle; includeInIndex = 0; path = "The Green Book AppUITests.xctest"; sourceTree = BUILT_PRODUCTS_DIR; };
		D87D814822C51F0E00321EE7 /* The_Green_Book_AppUITests.swift */ = {isa = PBXFileReference; lastKnownFileType = sourcecode.swift; path = The_Green_Book_AppUITests.swift; sourceTree = "<group>"; };
		D87D814A22C51F0E00321EE7 /* Info.plist */ = {isa = PBXFileReference; lastKnownFileType = text.plist.xml; path = Info.plist; sourceTree = "<group>"; };
		D8DD202322C68B2B0062E341 /* SignUp.swift */ = {isa = PBXFileReference; lastKnownFileType = sourcecode.swift; path = SignUp.swift; sourceTree = "<group>"; };
		F68358FCD6CF338B9B170904 /* Pods-The Green Book AppUITests.release.xcconfig */ = {isa = PBXFileReference; includeInIndex = 1; lastKnownFileType = text.xcconfig; name = "Pods-The Green Book AppUITests.release.xcconfig"; path = "Target Support Files/Pods-The Green Book AppUITests/Pods-The Green Book AppUITests.release.xcconfig"; sourceTree = "<group>"; };
/* End PBXFileReference section */

/* Begin PBXFrameworksBuildPhase section */
		D87D812222C51F0D00321EE7 /* Frameworks */ = {
			isa = PBXFrameworksBuildPhase;
			buildActionMask = 2147483647;
			files = (
				CA81FA9BC0736C95EC3933AF /* Pods_The_Green_Book_App.framework in Frameworks */,
			);
			runOnlyForDeploymentPostprocessing = 0;
		};
		D87D813622C51F0E00321EE7 /* Frameworks */ = {
			isa = PBXFrameworksBuildPhase;
			buildActionMask = 2147483647;
			files = (
				CA0EE0D7F0FEE5CDE676B844 /* Pods_The_Green_Book_AppTests.framework in Frameworks */,
			);
			runOnlyForDeploymentPostprocessing = 0;
		};
		D87D814122C51F0E00321EE7 /* Frameworks */ = {
			isa = PBXFrameworksBuildPhase;
			buildActionMask = 2147483647;
			files = (
				71B7B2E6589E31A0B97A69F7 /* Pods_The_Green_Book_AppUITests.framework in Frameworks */,
			);
			runOnlyForDeploymentPostprocessing = 0;
		};
/* End PBXFrameworksBuildPhase section */

/* Begin PBXGroup section */
		17B69D92B1F2E10031043396 /* Pods */ = {
			isa = PBXGroup;
			children = (
				45DB9CD2231CE4E574C6A9B2 /* Pods-The Green Book App.debug.xcconfig */,
				5492D502F52BB2119EBE5BA4 /* Pods-The Green Book App.release.xcconfig */,
				813405A6B9980F642DC89220 /* Pods-The Green Book AppTests.debug.xcconfig */,
				45286D871B64024C046DC2D3 /* Pods-The Green Book AppTests.release.xcconfig */,
				A32E8EA9ECD2F5C5C8E179DD /* Pods-The Green Book AppUITests.debug.xcconfig */,
				F68358FCD6CF338B9B170904 /* Pods-The Green Book AppUITests.release.xcconfig */,
			);
			path = Pods;
			sourceTree = "<group>";
		};
		A009B47712E1CA8FC6F6ED22 /* Frameworks */ = {
			isa = PBXGroup;
			children = (
				B0BA03F59D2587986295C58C /* Pods_The_Green_Book_App.framework */,
				6A0B2BC06BBD3EC378B1885D /* Pods_The_Green_Book_AppTests.framework */,
				6BD9BDEF3BEF98BFEB4B6AFF /* Pods_The_Green_Book_AppUITests.framework */,
			);
			name = Frameworks;
			sourceTree = "<group>";
		};
		D8192D9B22C5420E00B76519 /* fonts */ = {
			isa = PBXGroup;
			children = (
				D8192D9822C541F100B76519 /* FjallaOne-Regular.ttf */,
				D8192D9722C541F000B76519 /* Flood.ttf */,
			);
			path = fonts;
			sourceTree = "<group>";
		};
		D87D811C22C51F0D00321EE7 = {
			isa = PBXGroup;
			children = (
				D87D812722C51F0D00321EE7 /* The Green Book App */,
				D87D813C22C51F0E00321EE7 /* The Green Book AppTests */,
				D87D814722C51F0E00321EE7 /* The Green Book AppUITests */,
				D87D812622C51F0D00321EE7 /* Products */,
				17B69D92B1F2E10031043396 /* Pods */,
				A009B47712E1CA8FC6F6ED22 /* Frameworks */,
			);
			sourceTree = "<group>";
		};
		D87D812622C51F0D00321EE7 /* Products */ = {
			isa = PBXGroup;
			children = (
				D87D812522C51F0D00321EE7 /* The Green Book App.app */,
				D87D813922C51F0E00321EE7 /* The Green Book AppTests.xctest */,
				D87D814422C51F0E00321EE7 /* The Green Book AppUITests.xctest */,
			);
			name = Products;
			sourceTree = "<group>";
		};
		D87D812722C51F0D00321EE7 /* The Green Book App */ = {
			isa = PBXGroup;
			children = (
				D87D812822C51F0D00321EE7 /* AppDelegate.swift */,
				D8DD202222C67E7D0062E341 /* View */,
				D83694C022C521C7004875C1 /* GoogleService-Info.plist */,
				D87D812C22C51F0D00321EE7 /* Main.storyboard */,
				D87D812F22C51F0E00321EE7 /* Assets.xcassets */,
				D87D813122C51F0E00321EE7 /* LaunchScreen.storyboard */,
				D87D813422C51F0E00321EE7 /* Info.plist */,
				D8192D9B22C5420E00B76519 /* fonts */,
			);
			path = "The Green Book App";
			sourceTree = "<group>";
		};
		D87D813C22C51F0E00321EE7 /* The Green Book AppTests */ = {
			isa = PBXGroup;
			children = (
				D87D813D22C51F0E00321EE7 /* The_Green_Book_AppTests.swift */,
				D87D813F22C51F0E00321EE7 /* Info.plist */,
			);
			path = "The Green Book AppTests";
			sourceTree = "<group>";
		};
		D87D814722C51F0E00321EE7 /* The Green Book AppUITests */ = {
			isa = PBXGroup;
			children = (
				D87D814822C51F0E00321EE7 /* The_Green_Book_AppUITests.swift */,
				D87D814A22C51F0E00321EE7 /* Info.plist */,
			);
			path = "The Green Book AppUITests";
			sourceTree = "<group>";
		};
		D8DD202222C67E7D0062E341 /* View */ = {
			isa = PBXGroup;
			children = (
				D87D812A22C51F0D00321EE7 /* Login.swift */,
				D8DD202322C68B2B0062E341 /* SignUp.swift */,
				D8DD202522C68BDA0062E341 /* Extensions */,
			);
			path = View;
			sourceTree = "<group>";
		};
		D8DD202522C68BDA0062E341 /* Extensions */ = {
			isa = PBXGroup;
			children = (
			);
			path = Extensions;
			sourceTree = "<group>";
		};
/* End PBXGroup section */

/* Begin PBXNativeTarget section */
		D87D812422C51F0D00321EE7 /* The Green Book App */ = {
			isa = PBXNativeTarget;
			buildConfigurationList = D87D814D22C51F0E00321EE7 /* Build configuration list for PBXNativeTarget "The Green Book App" */;
			buildPhases = (
				288B570482AF0D82084A0A38 /* [CP] Check Pods Manifest.lock */,
				D87D812122C51F0D00321EE7 /* Sources */,
				D87D812222C51F0D00321EE7 /* Frameworks */,
				D87D812322C51F0D00321EE7 /* Resources */,
				CA590E741C757B9C177E2F1E /* [CP] Embed Pods Frameworks */,
				D8192D9622C5247500B76519 /* ShellScript */,
			);
			buildRules = (
			);
			dependencies = (
			);
			name = "The Green Book App";
			productName = "The Green Book App";
			productReference = D87D812522C51F0D00321EE7 /* The Green Book App.app */;
			productType = "com.apple.product-type.application";
		};
		D87D813822C51F0E00321EE7 /* The Green Book AppTests */ = {
			isa = PBXNativeTarget;
			buildConfigurationList = D87D815022C51F0E00321EE7 /* Build configuration list for PBXNativeTarget "The Green Book AppTests" */;
			buildPhases = (
				B5030876C83F72EB2AF0AFCE /* [CP] Check Pods Manifest.lock */,
				D87D813522C51F0E00321EE7 /* Sources */,
				D87D813622C51F0E00321EE7 /* Frameworks */,
				D87D813722C51F0E00321EE7 /* Resources */,
			);
			buildRules = (
			);
			dependencies = (
				D87D813B22C51F0E00321EE7 /* PBXTargetDependency */,
			);
			name = "The Green Book AppTests";
			productName = "The Green Book AppTests";
			productReference = D87D813922C51F0E00321EE7 /* The Green Book AppTests.xctest */;
			productType = "com.apple.product-type.bundle.unit-test";
		};
		D87D814322C51F0E00321EE7 /* The Green Book AppUITests */ = {
			isa = PBXNativeTarget;
			buildConfigurationList = D87D815322C51F0E00321EE7 /* Build configuration list for PBXNativeTarget "The Green Book AppUITests" */;
			buildPhases = (
				797C8807DFBD68090827B7E6 /* [CP] Check Pods Manifest.lock */,
				D87D814022C51F0E00321EE7 /* Sources */,
				D87D814122C51F0E00321EE7 /* Frameworks */,
				D87D814222C51F0E00321EE7 /* Resources */,
			);
			buildRules = (
			);
			dependencies = (
				D87D814622C51F0E00321EE7 /* PBXTargetDependency */,
			);
			name = "The Green Book AppUITests";
			productName = "The Green Book AppUITests";
			productReference = D87D814422C51F0E00321EE7 /* The Green Book AppUITests.xctest */;
			productType = "com.apple.product-type.bundle.ui-testing";
		};
/* End PBXNativeTarget section */

/* Begin PBXProject section */
		D87D811D22C51F0D00321EE7 /* Project object */ = {
			isa = PBXProject;
			attributes = {
				LastSwiftUpdateCheck = 1020;
				LastUpgradeCheck = 1020;
				ORGANIZATIONNAME = "By The Culture";
				TargetAttributes = {
					D87D812422C51F0D00321EE7 = {
						CreatedOnToolsVersion = 10.2.1;
					};
					D87D813822C51F0E00321EE7 = {
						CreatedOnToolsVersion = 10.2.1;
						TestTargetID = D87D812422C51F0D00321EE7;
					};
					D87D814322C51F0E00321EE7 = {
						CreatedOnToolsVersion = 10.2.1;
						TestTargetID = D87D812422C51F0D00321EE7;
					};
				};
			};
			buildConfigurationList = D87D812022C51F0D00321EE7 /* Build configuration list for PBXProject "The Green Book App" */;
			compatibilityVersion = "Xcode 9.3";
			developmentRegion = en;
			hasScannedForEncodings = 0;
			knownRegions = (
				en,
				Base,
			);
			mainGroup = D87D811C22C51F0D00321EE7;
			productRefGroup = D87D812622C51F0D00321EE7 /* Products */;
			projectDirPath = "";
			projectRoot = "";
			targets = (
				D87D812422C51F0D00321EE7 /* The Green Book App */,
				D87D813822C51F0E00321EE7 /* The Green Book AppTests */,
				D87D814322C51F0E00321EE7 /* The Green Book AppUITests */,
			);
		};
/* End PBXProject section */

/* Begin PBXResourcesBuildPhase section */
		D87D812322C51F0D00321EE7 /* Resources */ = {
			isa = PBXResourcesBuildPhase;
			buildActionMask = 2147483647;
			files = (
				D87D813322C51F0E00321EE7 /* LaunchScreen.storyboard in Resources */,
				D83694C122C521C7004875C1 /* GoogleService-Info.plist in Resources */,
				D8192D9A22C541F100B76519 /* FjallaOne-Regular.ttf in Resources */,
				D87D813022C51F0E00321EE7 /* Assets.xcassets in Resources */,
				D87D812E22C51F0D00321EE7 /* Main.storyboard in Resources */,
				D8192D9922C541F100B76519 /* Flood.ttf in Resources */,
			);
			runOnlyForDeploymentPostprocessing = 0;
		};
		D87D813722C51F0E00321EE7 /* Resources */ = {
			isa = PBXResourcesBuildPhase;
			buildActionMask = 2147483647;
			files = (
			);
			runOnlyForDeploymentPostprocessing = 0;
		};
		D87D814222C51F0E00321EE7 /* Resources */ = {
			isa = PBXResourcesBuildPhase;
			buildActionMask = 2147483647;
			files = (
			);
			runOnlyForDeploymentPostprocessing = 0;
		};
/* End PBXResourcesBuildPhase section */

/* Begin PBXShellScriptBuildPhase section */
		288B570482AF0D82084A0A38 /* [CP] Check Pods Manifest.lock */ = {
			isa = PBXShellScriptBuildPhase;
			buildActionMask = 2147483647;
			files = (
			);
			inputFileListPaths = (
			);
			inputPaths = (
				"${PODS_PODFILE_DIR_PATH}/Podfile.lock",
				"${PODS_ROOT}/Manifest.lock",
			);
			name = "[CP] Check Pods Manifest.lock";
			outputFileListPaths = (
			);
			outputPaths = (
				"$(DERIVED_FILE_DIR)/Pods-The Green Book App-checkManifestLockResult.txt",
			);
			runOnlyForDeploymentPostprocessing = 0;
			shellPath = /bin/sh;
			shellScript = "diff \"${PODS_PODFILE_DIR_PATH}/Podfile.lock\" \"${PODS_ROOT}/Manifest.lock\" > /dev/null\nif [ $? != 0 ] ; then\n    # print error to STDERR\n    echo \"error: The sandbox is not in sync with the Podfile.lock. Run 'pod install' or update your CocoaPods installation.\" >&2\n    exit 1\nfi\n# This output is used by Xcode 'outputs' to avoid re-running this script phase.\necho \"SUCCESS\" > \"${SCRIPT_OUTPUT_FILE_0}\"\n";
			showEnvVarsInLog = 0;
		};
		797C8807DFBD68090827B7E6 /* [CP] Check Pods Manifest.lock */ = {
			isa = PBXShellScriptBuildPhase;
			buildActionMask = 2147483647;
			files = (
			);
			inputFileListPaths = (
			);
			inputPaths = (
				"${PODS_PODFILE_DIR_PATH}/Podfile.lock",
				"${PODS_ROOT}/Manifest.lock",
			);
			name = "[CP] Check Pods Manifest.lock";
			outputFileListPaths = (
			);
			outputPaths = (
				"$(DERIVED_FILE_DIR)/Pods-The Green Book AppUITests-checkManifestLockResult.txt",
			);
			runOnlyForDeploymentPostprocessing = 0;
			shellPath = /bin/sh;
			shellScript = "diff \"${PODS_PODFILE_DIR_PATH}/Podfile.lock\" \"${PODS_ROOT}/Manifest.lock\" > /dev/null\nif [ $? != 0 ] ; then\n    # print error to STDERR\n    echo \"error: The sandbox is not in sync with the Podfile.lock. Run 'pod install' or update your CocoaPods installation.\" >&2\n    exit 1\nfi\n# This output is used by Xcode 'outputs' to avoid re-running this script phase.\necho \"SUCCESS\" > \"${SCRIPT_OUTPUT_FILE_0}\"\n";
			showEnvVarsInLog = 0;
		};
		B5030876C83F72EB2AF0AFCE /* [CP] Check Pods Manifest.lock */ = {
			isa = PBXShellScriptBuildPhase;
			buildActionMask = 2147483647;
			files = (
			);
			inputFileListPaths = (
			);
			inputPaths = (
				"${PODS_PODFILE_DIR_PATH}/Podfile.lock",
				"${PODS_ROOT}/Manifest.lock",
			);
			name = "[CP] Check Pods Manifest.lock";
			outputFileListPaths = (
			);
			outputPaths = (
				"$(DERIVED_FILE_DIR)/Pods-The Green Book AppTests-checkManifestLockResult.txt",
			);
			runOnlyForDeploymentPostprocessing = 0;
			shellPath = /bin/sh;
			shellScript = "diff \"${PODS_PODFILE_DIR_PATH}/Podfile.lock\" \"${PODS_ROOT}/Manifest.lock\" > /dev/null\nif [ $? != 0 ] ; then\n    # print error to STDERR\n    echo \"error: The sandbox is not in sync with the Podfile.lock. Run 'pod install' or update your CocoaPods installation.\" >&2\n    exit 1\nfi\n# This output is used by Xcode 'outputs' to avoid re-running this script phase.\necho \"SUCCESS\" > \"${SCRIPT_OUTPUT_FILE_0}\"\n";
			showEnvVarsInLog = 0;
		};
		CA590E741C757B9C177E2F1E /* [CP] Embed Pods Frameworks */ = {
			isa = PBXShellScriptBuildPhase;
			buildActionMask = 2147483647;
			files = (
			);
			inputFileListPaths = (
				"${PODS_ROOT}/Target Support Files/Pods-The Green Book App/Pods-The Green Book App-frameworks-${CONFIGURATION}-input-files.xcfilelist",
			);
			name = "[CP] Embed Pods Frameworks";
			outputFileListPaths = (
				"${PODS_ROOT}/Target Support Files/Pods-The Green Book App/Pods-The Green Book App-frameworks-${CONFIGURATION}-output-files.xcfilelist",
			);
			runOnlyForDeploymentPostprocessing = 0;
			shellPath = /bin/sh;
			shellScript = "\"${PODS_ROOT}/Target Support Files/Pods-The Green Book App/Pods-The Green Book App-frameworks.sh\"\n";
			showEnvVarsInLog = 0;
		};
		D8192D9622C5247500B76519 /* ShellScript */ = {
			isa = PBXShellScriptBuildPhase;
			buildActionMask = 2147483647;
			files = (
			);
			inputFileListPaths = (
			);
			inputPaths = (
				"$(SRCROOT)/$(BUILT_PRODUCTS_DIR)/$(INFOPLIST_PATH)",
			);
			outputFileListPaths = (
			);
			outputPaths = (
			);
			runOnlyForDeploymentPostprocessing = 0;
			shellPath = /bin/sh;
			shellScript = "# Type a script or drag a script file from your workspace to insert its path.\n\"${PODS_ROOT}/Fabric/run\"\n";
		};
/* End PBXShellScriptBuildPhase section */

/* Begin PBXSourcesBuildPhase section */
		D87D812122C51F0D00321EE7 /* Sources */ = {
			isa = PBXSourcesBuildPhase;
			buildActionMask = 2147483647;
			files = (
				D87D812B22C51F0D00321EE7 /* Login.swift in Sources */,
				D8DD202422C68B2B0062E341 /* SignUp.swift in Sources */,
				D87D812922C51F0D00321EE7 /* AppDelegate.swift in Sources */,
			);
			runOnlyForDeploymentPostprocessing = 0;
		};
		D87D813522C51F0E00321EE7 /* Sources */ = {
			isa = PBXSourcesBuildPhase;
			buildActionMask = 2147483647;
			files = (
				D87D813E22C51F0E00321EE7 /* The_Green_Book_AppTests.swift in Sources */,
			);
			runOnlyForDeploymentPostprocessing = 0;
		};
		D87D814022C51F0E00321EE7 /* Sources */ = {
			isa = PBXSourcesBuildPhase;
			buildActionMask = 2147483647;
			files = (
				D87D814922C51F0E00321EE7 /* The_Green_Book_AppUITests.swift in Sources */,
			);
			runOnlyForDeploymentPostprocessing = 0;
		};
/* End PBXSourcesBuildPhase section */

/* Begin PBXTargetDependency section */
		D87D813B22C51F0E00321EE7 /* PBXTargetDependency */ = {
			isa = PBXTargetDependency;
			target = D87D812422C51F0D00321EE7 /* The Green Book App */;
			targetProxy = D87D813A22C51F0E00321EE7 /* PBXContainerItemProxy */;
		};
		D87D814622C51F0E00321EE7 /* PBXTargetDependency */ = {
			isa = PBXTargetDependency;
			target = D87D812422C51F0D00321EE7 /* The Green Book App */;
			targetProxy = D87D814522C51F0E00321EE7 /* PBXContainerItemProxy */;
		};
/* End PBXTargetDependency section */

/* Begin PBXVariantGroup section */
		D87D812C22C51F0D00321EE7 /* Main.storyboard */ = {
			isa = PBXVariantGroup;
			children = (
				D87D812D22C51F0D00321EE7 /* Base */,
			);
			name = Main.storyboard;
			sourceTree = "<group>";
		};
		D87D813122C51F0E00321EE7 /* LaunchScreen.storyboard */ = {
			isa = PBXVariantGroup;
			children = (
				D87D813222C51F0E00321EE7 /* Base */,
			);
			name = LaunchScreen.storyboard;
			sourceTree = "<group>";
		};
/* End PBXVariantGroup section */

/* Begin XCBuildConfiguration section */
		D87D814B22C51F0E00321EE7 /* Debug */ = {
			isa = XCBuildConfiguration;
			buildSettings = {
				ALWAYS_SEARCH_USER_PATHS = NO;
				CLANG_ANALYZER_NONNULL = YES;
				CLANG_ANALYZER_NUMBER_OBJECT_CONVERSION = YES_AGGRESSIVE;
				CLANG_CXX_LANGUAGE_STANDARD = "gnu++14";
				CLANG_CXX_LIBRARY = "libc++";
				CLANG_ENABLE_MODULES = YES;
				CLANG_ENABLE_OBJC_ARC = YES;
				CLANG_ENABLE_OBJC_WEAK = YES;
				CLANG_WARN_BLOCK_CAPTURE_AUTORELEASING = YES;
				CLANG_WARN_BOOL_CONVERSION = YES;
				CLANG_WARN_COMMA = YES;
				CLANG_WARN_CONSTANT_CONVERSION = YES;
				CLANG_WARN_DEPRECATED_OBJC_IMPLEMENTATIONS = YES;
				CLANG_WARN_DIRECT_OBJC_ISA_USAGE = YES_ERROR;
				CLANG_WARN_DOCUMENTATION_COMMENTS = YES;
				CLANG_WARN_EMPTY_BODY = YES;
				CLANG_WARN_ENUM_CONVERSION = YES;
				CLANG_WARN_INFINITE_RECURSION = YES;
				CLANG_WARN_INT_CONVERSION = YES;
				CLANG_WARN_NON_LITERAL_NULL_CONVERSION = YES;
				CLANG_WARN_OBJC_IMPLICIT_RETAIN_SELF = YES;
				CLANG_WARN_OBJC_LITERAL_CONVERSION = YES;
				CLANG_WARN_OBJC_ROOT_CLASS = YES_ERROR;
				CLANG_WARN_RANGE_LOOP_ANALYSIS = YES;
				CLANG_WARN_STRICT_PROTOTYPES = YES;
				CLANG_WARN_SUSPICIOUS_MOVE = YES;
				CLANG_WARN_UNGUARDED_AVAILABILITY = YES_AGGRESSIVE;
				CLANG_WARN_UNREACHABLE_CODE = YES;
				CLANG_WARN__DUPLICATE_METHOD_MATCH = YES;
				CODE_SIGN_IDENTITY = "iPhone Developer";
				COPY_PHASE_STRIP = NO;
				DEBUG_INFORMATION_FORMAT = dwarf;
				ENABLE_STRICT_OBJC_MSGSEND = YES;
				ENABLE_TESTABILITY = YES;
				GCC_C_LANGUAGE_STANDARD = gnu11;
				GCC_DYNAMIC_NO_PIC = NO;
				GCC_NO_COMMON_BLOCKS = YES;
				GCC_OPTIMIZATION_LEVEL = 0;
				GCC_PREPROCESSOR_DEFINITIONS = (
					"DEBUG=1",
					"$(inherited)",
				);
				GCC_WARN_64_TO_32_BIT_CONVERSION = YES;
				GCC_WARN_ABOUT_RETURN_TYPE = YES_ERROR;
				GCC_WARN_UNDECLARED_SELECTOR = YES;
				GCC_WARN_UNINITIALIZED_AUTOS = YES_AGGRESSIVE;
				GCC_WARN_UNUSED_FUNCTION = YES;
				GCC_WARN_UNUSED_VARIABLE = YES;
				IPHONEOS_DEPLOYMENT_TARGET = 12.2;
				MTL_ENABLE_DEBUG_INFO = INCLUDE_SOURCE;
				MTL_FAST_MATH = YES;
				ONLY_ACTIVE_ARCH = YES;
				SDKROOT = iphoneos;
				SWIFT_ACTIVE_COMPILATION_CONDITIONS = DEBUG;
				SWIFT_OPTIMIZATION_LEVEL = "-Onone";
			};
			name = Debug;
		};
		D87D814C22C51F0E00321EE7 /* Release */ = {
			isa = XCBuildConfiguration;
			buildSettings = {
				ALWAYS_SEARCH_USER_PATHS = NO;
				CLANG_ANALYZER_NONNULL = YES;
				CLANG_ANALYZER_NUMBER_OBJECT_CONVERSION = YES_AGGRESSIVE;
				CLANG_CXX_LANGUAGE_STANDARD = "gnu++14";
				CLANG_CXX_LIBRARY = "libc++";
				CLANG_ENABLE_MODULES = YES;
				CLANG_ENABLE_OBJC_ARC = YES;
				CLANG_ENABLE_OBJC_WEAK = YES;
				CLANG_WARN_BLOCK_CAPTURE_AUTORELEASING = YES;
				CLANG_WARN_BOOL_CONVERSION = YES;
				CLANG_WARN_COMMA = YES;
				CLANG_WARN_CONSTANT_CONVERSION = YES;
				CLANG_WARN_DEPRECATED_OBJC_IMPLEMENTATIONS = YES;
				CLANG_WARN_DIRECT_OBJC_ISA_USAGE = YES_ERROR;
				CLANG_WARN_DOCUMENTATION_COMMENTS = YES;
				CLANG_WARN_EMPTY_BODY = YES;
				CLANG_WARN_ENUM_CONVERSION = YES;
				CLANG_WARN_INFINITE_RECURSION = YES;
				CLANG_WARN_INT_CONVERSION = YES;
				CLANG_WARN_NON_LITERAL_NULL_CONVERSION = YES;
				CLANG_WARN_OBJC_IMPLICIT_RETAIN_SELF = YES;
				CLANG_WARN_OBJC_LITERAL_CONVERSION = YES;
				CLANG_WARN_OBJC_ROOT_CLASS = YES_ERROR;
				CLANG_WARN_RANGE_LOOP_ANALYSIS = YES;
				CLANG_WARN_STRICT_PROTOTYPES = YES;
				CLANG_WARN_SUSPICIOUS_MOVE = YES;
				CLANG_WARN_UNGUARDED_AVAILABILITY = YES_AGGRESSIVE;
				CLANG_WARN_UNREACHABLE_CODE = YES;
				CLANG_WARN__DUPLICATE_METHOD_MATCH = YES;
				CODE_SIGN_IDENTITY = "iPhone Developer";
				COPY_PHASE_STRIP = NO;
				DEBUG_INFORMATION_FORMAT = "dwarf-with-dsym";
				ENABLE_NS_ASSERTIONS = NO;
				ENABLE_STRICT_OBJC_MSGSEND = YES;
				GCC_C_LANGUAGE_STANDARD = gnu11;
				GCC_NO_COMMON_BLOCKS = YES;
				GCC_WARN_64_TO_32_BIT_CONVERSION = YES;
				GCC_WARN_ABOUT_RETURN_TYPE = YES_ERROR;
				GCC_WARN_UNDECLARED_SELECTOR = YES;
				GCC_WARN_UNINITIALIZED_AUTOS = YES_AGGRESSIVE;
				GCC_WARN_UNUSED_FUNCTION = YES;
				GCC_WARN_UNUSED_VARIABLE = YES;
				IPHONEOS_DEPLOYMENT_TARGET = 12.2;
				MTL_ENABLE_DEBUG_INFO = NO;
				MTL_FAST_MATH = YES;
				SDKROOT = iphoneos;
				SWIFT_COMPILATION_MODE = wholemodule;
				SWIFT_OPTIMIZATION_LEVEL = "-O";
				VALIDATE_PRODUCT = YES;
			};
			name = Release;
		};
		D87D814E22C51F0E00321EE7 /* Debug */ = {
			isa = XCBuildConfiguration;
			baseConfigurationReference = 45DB9CD2231CE4E574C6A9B2 /* Pods-The Green Book App.debug.xcconfig */;
			buildSettings = {
				ASSETCATALOG_COMPILER_APPICON_NAME = AppIcon;
				CODE_SIGN_STYLE = Automatic;
				DEVELOPMENT_TEAM = U6Z3NDTB46;
				INFOPLIST_FILE = "The Green Book App/Info.plist";
				LD_RUNPATH_SEARCH_PATHS = (
					"$(inherited)",
					"@executable_path/Frameworks",
				);
				PRODUCT_BUNDLE_IDENTIFIER = com.bytheculture.thegreenbook;
				PRODUCT_NAME = "$(TARGET_NAME)";
				SWIFT_VERSION = 5.0;
				TARGETED_DEVICE_FAMILY = "1,2";
			};
			name = Debug;
		};
		D87D814F22C51F0E00321EE7 /* Release */ = {
			isa = XCBuildConfiguration;
			baseConfigurationReference = 5492D502F52BB2119EBE5BA4 /* Pods-The Green Book App.release.xcconfig */;
			buildSettings = {
				ASSETCATALOG_COMPILER_APPICON_NAME = AppIcon;
				CODE_SIGN_STYLE = Automatic;
				DEVELOPMENT_TEAM = U6Z3NDTB46;
				INFOPLIST_FILE = "The Green Book App/Info.plist";
				LD_RUNPATH_SEARCH_PATHS = (
					"$(inherited)",
					"@executable_path/Frameworks",
				);
				PRODUCT_BUNDLE_IDENTIFIER = com.bytheculture.thegreenbook;
				PRODUCT_NAME = "$(TARGET_NAME)";
				SWIFT_VERSION = 5.0;
				TARGETED_DEVICE_FAMILY = "1,2";
			};
			name = Release;
		};
		D87D815122C51F0E00321EE7 /* Debug */ = {
			isa = XCBuildConfiguration;
			baseConfigurationReference = 813405A6B9980F642DC89220 /* Pods-The Green Book AppTests.debug.xcconfig */;
			buildSettings = {
				ALWAYS_EMBED_SWIFT_STANDARD_LIBRARIES = YES;
				BUNDLE_LOADER = "$(TEST_HOST)";
				CODE_SIGN_STYLE = Automatic;
				DEVELOPMENT_TEAM = U6Z3NDTB46;
				INFOPLIST_FILE = "The Green Book AppTests/Info.plist";
				LD_RUNPATH_SEARCH_PATHS = (
					"$(inherited)",
					"@executable_path/Frameworks",
					"@loader_path/Frameworks",
				);
				PRODUCT_BUNDLE_IDENTIFIER = "com.bytheculture.The-Green-Book-AppTests";
				PRODUCT_NAME = "$(TARGET_NAME)";
				SWIFT_VERSION = 5.0;
				TARGETED_DEVICE_FAMILY = "1,2";
				TEST_HOST = "$(BUILT_PRODUCTS_DIR)/The Green Book App.app/The Green Book App";
			};
			name = Debug;
		};
		D87D815222C51F0E00321EE7 /* Release */ = {
			isa = XCBuildConfiguration;
			baseConfigurationReference = 45286D871B64024C046DC2D3 /* Pods-The Green Book AppTests.release.xcconfig */;
			buildSettings = {
				ALWAYS_EMBED_SWIFT_STANDARD_LIBRARIES = YES;
				BUNDLE_LOADER = "$(TEST_HOST)";
				CODE_SIGN_STYLE = Automatic;
				DEVELOPMENT_TEAM = U6Z3NDTB46;
				INFOPLIST_FILE = "The Green Book AppTests/Info.plist";
				LD_RUNPATH_SEARCH_PATHS = (
					"$(inherited)",
					"@executable_path/Frameworks",
					"@loader_path/Frameworks",
				);
				PRODUCT_BUNDLE_IDENTIFIER = "com.bytheculture.The-Green-Book-AppTests";
				PRODUCT_NAME = "$(TARGET_NAME)";
				SWIFT_VERSION = 5.0;
				TARGETED_DEVICE_FAMILY = "1,2";
				TEST_HOST = "$(BUILT_PRODUCTS_DIR)/The Green Book App.app/The Green Book App";
			};
			name = Release;
		};
		D87D815422C51F0E00321EE7 /* Debug */ = {
			isa = XCBuildConfiguration;
			baseConfigurationReference = A32E8EA9ECD2F5C5C8E179DD /* Pods-The Green Book AppUITests.debug.xcconfig */;
			buildSettings = {
				ALWAYS_EMBED_SWIFT_STANDARD_LIBRARIES = YES;
				CODE_SIGN_STYLE = Automatic;
				DEVELOPMENT_TEAM = U6Z3NDTB46;
				INFOPLIST_FILE = "The Green Book AppUITests/Info.plist";
				LD_RUNPATH_SEARCH_PATHS = (
					"$(inherited)",
					"@executable_path/Frameworks",
					"@loader_path/Frameworks",
				);
				PRODUCT_BUNDLE_IDENTIFIER = "com.bytheculture.The-Green-Book-AppUITests";
				PRODUCT_NAME = "$(TARGET_NAME)";
				SWIFT_VERSION = 5.0;
				TARGETED_DEVICE_FAMILY = "1,2";
				TEST_TARGET_NAME = "The Green Book App";
			};
			name = Debug;
		};
		D87D815522C51F0E00321EE7 /* Release */ = {
			isa = XCBuildConfiguration;
			baseConfigurationReference = F68358FCD6CF338B9B170904 /* Pods-The Green Book AppUITests.release.xcconfig */;
			buildSettings = {
				ALWAYS_EMBED_SWIFT_STANDARD_LIBRARIES = YES;
				CODE_SIGN_STYLE = Automatic;
				DEVELOPMENT_TEAM = U6Z3NDTB46;
				INFOPLIST_FILE = "The Green Book AppUITests/Info.plist";
				LD_RUNPATH_SEARCH_PATHS = (
					"$(inherited)",
					"@executable_path/Frameworks",
					"@loader_path/Frameworks",
				);
				PRODUCT_BUNDLE_IDENTIFIER = "com.bytheculture.The-Green-Book-AppUITests";
				PRODUCT_NAME = "$(TARGET_NAME)";
				SWIFT_VERSION = 5.0;
				TARGETED_DEVICE_FAMILY = "1,2";
				TEST_TARGET_NAME = "The Green Book App";
			};
			name = Release;
		};
/* End XCBuildConfiguration section */

/* Begin XCConfigurationList section */
		D87D812022C51F0D00321EE7 /* Build configuration list for PBXProject "The Green Book App" */ = {
			isa = XCConfigurationList;
			buildConfigurations = (
				D87D814B22C51F0E00321EE7 /* Debug */,
				D87D814C22C51F0E00321EE7 /* Release */,
			);
			defaultConfigurationIsVisible = 0;
			defaultConfigurationName = Release;
		};
		D87D814D22C51F0E00321EE7 /* Build configuration list for PBXNativeTarget "The Green Book App" */ = {
			isa = XCConfigurationList;
			buildConfigurations = (
				D87D814E22C51F0E00321EE7 /* Debug */,
				D87D814F22C51F0E00321EE7 /* Release */,
			);
			defaultConfigurationIsVisible = 0;
			defaultConfigurationName = Release;
		};
		D87D815022C51F0E00321EE7 /* Build configuration list for PBXNativeTarget "The Green Book AppTests" */ = {
			isa = XCConfigurationList;
			buildConfigurations = (
				D87D815122C51F0E00321EE7 /* Debug */,
				D87D815222C51F0E00321EE7 /* Release */,
			);
			defaultConfigurationIsVisible = 0;
			defaultConfigurationName = Release;
		};
		D87D815322C51F0E00321EE7 /* Build configuration list for PBXNativeTarget "The Green Book AppUITests" */ = {
			isa = XCConfigurationList;
			buildConfigurations = (
				D87D815422C51F0E00321EE7 /* Debug */,
				D87D815522C51F0E00321EE7 /* Release */,
			);
			defaultConfigurationIsVisible = 0;
			defaultConfigurationName = Release;
		};
/* End XCConfigurationList section */
	};
	rootObject = D87D811D22C51F0D00321EE7 /* Project object */;
}
